
Microsoft Visual Studio Solution File, Format Version 12.00
# Visual Studio Version 16
VisualStudioVersion = 16.0.29418.71
MinimumVisualStudioVersion = 10.0.40219.1
Project("{FAE04EC0-301F-11D3-BF4B-00C04F79EFBC}") = "StudentExercisesWebAPI", "StudentExercisesWebAPI\StudentExercisesWebAPI.csproj", "{63F29791-829F-469E-BEA1-A93EB98564CA}"
EndProject
Project("{FAE04EC0-301F-11D3-BF4B-00C04F79EFBC}") = "TestStudentExercisesAPI", "TestStudentExercisesAPI\TestStudentExercisesAPI.csproj", "{E3B6D51E-0130-41A5-B78E-159D638D9862}"
EndProject
Global
	GlobalSection(SolutionConfigurationPlatforms) = preSolution
		Debug|Any CPU = Debug|Any CPU
		Release|Any CPU = Release|Any CPU
	EndGlobalSection
	GlobalSection(ProjectConfigurationPlatforms) = postSolution
		{63F29791-829F-469E-BEA1-A93EB98564CA}.Debug|Any CPU.ActiveCfg = Debug|Any CPU
		{63F29791-829F-469E-BEA1-A93EB98564CA}.Debug|Any CPU.Build.0 = Debug|Any CPU
		{63F29791-829F-469E-BEA1-A93EB98564CA}.Release|Any CPU.ActiveCfg = Release|Any CPU
		{63F29791-829F-469E-BEA1-A93EB98564CA}.Release|Any CPU.Build.0 = Release|Any CPU
		{E3B6D51E-0130-41A5-B78E-159D638D9862}.Debug|Any CPU.ActiveCfg = Debug|Any CPU
		{E3B6D51E-0130-41A5-B78E-159D638D9862}.Debug|Any CPU.Build.0 = Debug|Any CPU
		{E3B6D51E-0130-41A5-B78E-159D638D9862}.Release|Any CPU.ActiveCfg = Release|Any CPU
		{E3B6D51E-0130-41A5-B78E-159D638D9862}.Release|Any CPU.Build.0 = Release|Any CPU
	EndGlobalSection
	GlobalSection(SolutionProperties) = preSolution
		HideSolutionNode = FALSE
	EndGlobalSection
	GlobalSection(ExtensibilityGlobals) = postSolution
		SolutionGuid = {17ABA19E-58AC-462C-AE43-982D66F10C96}
	EndGlobalSection
EndGlobal
